{
  "name": "auth-api",
  "version": "1.0.0",
  "lockfileVersion": 3,
  "requires": true,
  "packages": {
    "": {
      "name": "auth-api",
      "version": "1.0.0",
      "dependencies": {
        "nodemailer": "^7.0.7"
      }
    },
    "node_modules/nodemailer": {
      "version": "7.0.7",
      "resolved": "https://registry.npmjs.org/nodemailer/-/nodemailer-7.0.7.tgz",
      "integrity": "sha512-jGOaRznodf62TVzdyhKt/f1Q/c3kYynk8629sgJHpRzGZj01ezbgMMWJSAjHADcwTKxco3B68/R+KHJY2T5BaA==",
      "license": "MIT",
      "engines": {
        "node": ">=6.0.0"
      }
    }
  }
}
